
Microsoft Visual Studio Solution File, Format Version 12.00
# Visual Studio Version 16
VisualStudioVersion = 16.0.30717.126
MinimumVisualStudioVersion = 10.0.40219.1
Project("{FAE04EC0-301F-11D3-BF4B-00C04F79EFBC}") = "Testing-App1", "Testing-App1\Testing-App1.csproj", "{2FA55C3C-E8DC-457E-A667-474582265AAE}"
EndProject
Global
	GlobalSection(SolutionConfigurationPlatforms) = preSolution
		Debug|Any CPU = Debug|Any CPU
		Release|Any CPU = Release|Any CPU
	EndGlobalSection
	GlobalSection(ProjectConfigurationPlatforms) = postSolution
		{2FA55C3C-E8DC-457E-A667-474582265AAE}.Debug|Any CPU.ActiveCfg = Debug|Any CPU
		{2FA55C3C-E8DC-457E-A667-474582265AAE}.Debug|Any CPU.Build.0 = Debug|Any CPU
		{2FA55C3C-E8DC-457E-A667-474582265AAE}.Release|Any CPU.ActiveCfg = Release|Any CPU
		{2FA55C3C-E8DC-457E-A667-474582265AAE}.Release|Any CPU.Build.0 = Release|Any CPU
	EndGlobalSection
	GlobalSection(SolutionProperties) = preSolution
		HideSolutionNode = FALSE
	EndGlobalSection
	GlobalSection(ExtensibilityGlobals) = postSolution
		SolutionGuid = {6D6766F8-D9D1-46AD-B7D5-5153023231F1}
	EndGlobalSection
EndGlobal
